
Microsoft Visual Studio Solution File, Format Version 12.00
# Visual Studio Version 17
VisualStudioVersion = 17.4.33122.133
MinimumVisualStudioVersion = 10.0.40219.1
Project("{FAE04EC0-301F-11D3-BF4B-00C04F79EFBC}") = "CabInvoiceGenerator", "CabInvoiceGenerator\CabInvoiceGenerator.csproj", "{C562C4EF-04F8-4504-B4BF-E5554D9DAEDD}"
EndProject
Project("{FAE04EC0-301F-11D3-BF4B-00C04F79EFBC}") = "CabInvoiceTest", "CabInvoiceTest\CabInvoiceTest.csproj", "{3FE8849C-0CAF-437C-A6CA-538F015FAA77}"
EndProject
Global
	GlobalSection(SolutionConfigurationPlatforms) = preSolution
		Debug|Any CPU = Debug|Any CPU
		Release|Any CPU = Release|Any CPU
	EndGlobalSection
	GlobalSection(ProjectConfigurationPlatforms) = postSolution
		{C562C4EF-04F8-4504-B4BF-E5554D9DAEDD}.Debug|Any CPU.ActiveCfg = Debug|Any CPU
		{C562C4EF-04F8-4504-B4BF-E5554D9DAEDD}.Debug|Any CPU.Build.0 = Debug|Any CPU
		{C562C4EF-04F8-4504-B4BF-E5554D9DAEDD}.Release|Any CPU.ActiveCfg = Release|Any CPU
		{C562C4EF-04F8-4504-B4BF-E5554D9DAEDD}.Release|Any CPU.Build.0 = Release|Any CPU
		{3FE8849C-0CAF-437C-A6CA-538F015FAA77}.Debug|Any CPU.ActiveCfg = Debug|Any CPU
		{3FE8849C-0CAF-437C-A6CA-538F015FAA77}.Debug|Any CPU.Build.0 = Debug|Any CPU
		{3FE8849C-0CAF-437C-A6CA-538F015FAA77}.Release|Any CPU.ActiveCfg = Release|Any CPU
		{3FE8849C-0CAF-437C-A6CA-538F015FAA77}.Release|Any CPU.Build.0 = Release|Any CPU
	EndGlobalSection
	GlobalSection(SolutionProperties) = preSolution
		HideSolutionNode = FALSE
	EndGlobalSection
	GlobalSection(ExtensibilityGlobals) = postSolution
		SolutionGuid = {692BB307-7B03-4041-B0BB-06202895EBA2}
	EndGlobalSection
EndGlobal
